
Microsoft Visual Studio Solution File, Format Version 12.00
# Visual Studio Version 17
VisualStudioVersion = 17.8.34330.188
MinimumVisualStudioVersion = 10.0.40219.1
Project("{8BC9CEB8-8B4A-11D0-8D11-00A0C91BC942}") = "gbemu", "gbemu.vcxproj", "{3C6752F2-467B-4A3A-8855-B3A838F12C83}"
EndProject
Global
	GlobalSection(SolutionConfigurationPlatforms) = preSolution
		Debug|x64 = Debug|x64
		Release|x64 = Release|x64
	EndGlobalSection
	GlobalSection(ProjectConfigurationPlatforms) = postSolution
		{3C6752F2-467B-4A3A-8855-B3A838F12C83}.Debug|x64.ActiveCfg = Debug|x64
		{3C6752F2-467B-4A3A-8855-B3A838F12C83}.Debug|x64.Build.0 = Debug|x64
		{3C6752F2-467B-4A3A-8855-B3A838F12C83}.Release|x64.ActiveCfg = Release|x64
		{3C6752F2-467B-4A3A-8855-B3A838F12C83}.Release|x64.Build.0 = Release|x64
	EndGlobalSection
	GlobalSection(SolutionProperties) = preSolution
		HideSolutionNode = FALSE
	EndGlobalSection
	GlobalSection(ExtensibilityGlobals) = postSolution
		SolutionGuid = {C55A5626-31B4-4E57-AA20-F24577AB41DB}
	EndGlobalSection
EndGlobal
